// !$*UTF8*$!
{
	archiveVersion = 1;
	classes = {
	};
	objectVersion = 55;
	objects = {

/* Begin PBXBuildFile section */
		3322DACB28610C7D00838580 /* DividendView.swift in Sources */ = {isa = PBXBuildFile; fileRef = 3322DACA28610C7D00838580 /* DividendView.swift */; };
		3322DACF286488C900838580 /* Test.swift in Sources */ = {isa = PBXBuildFile; fileRef = 3322DACE286488C900838580 /* Test.swift */; };
		3329CADC283E221E00FF815E /* Utilities.swift in Sources */ = {isa = PBXBuildFile; fileRef = 3329CADB283E221E00FF815E /* Utilities.swift */; };
		3329CADE283E381300FF815E /* GoogleService-Info.plist in Resources */ = {isa = PBXBuildFile; fileRef = 3329CADD283E381300FF815E /* GoogleService-Info.plist */; };
		3329CAE1283E439100FF815E /* FirebaseAnalytics in Frameworks */ = {isa = PBXBuildFile; productRef = 3329CAE0283E439100FF815E /* FirebaseAnalytics */; };
		3329CAE3283E439100FF815E /* FirebaseAnalyticsOnDeviceConversion in Frameworks */ = {isa = PBXBuildFile; productRef = 3329CAE2283E439100FF815E /* FirebaseAnalyticsOnDeviceConversion */; };
		3329CAE5283E439100FF815E /* FirebaseAnalyticsSwift in Frameworks */ = {isa = PBXBuildFile; productRef = 3329CAE4283E439100FF815E /* FirebaseAnalyticsSwift */; };
		3329CAE7283E439100FF815E /* FirebaseAnalyticsWithoutAdIdSupport in Frameworks */ = {isa = PBXBuildFile; productRef = 3329CAE6283E439100FF815E /* FirebaseAnalyticsWithoutAdIdSupport */; };
		3329CAE9283E439100FF815E /* FirebaseAppCheck in Frameworks */ = {isa = PBXBuildFile; productRef = 3329CAE8283E439100FF815E /* FirebaseAppCheck */; };
		3329CAEB283E439100FF815E /* FirebaseAppDistribution-Beta in Frameworks */ = {isa = PBXBuildFile; productRef = 3329CAEA283E439100FF815E /* FirebaseAppDistribution-Beta */; };
		3329CAED283E439100FF815E /* FirebaseAuth in Frameworks */ = {isa = PBXBuildFile; productRef = 3329CAEC283E439100FF815E /* FirebaseAuth */; };
		3329CAEF283E439100FF815E /* FirebaseAuthCombine-Community in Frameworks */ = {isa = PBXBuildFile; productRef = 3329CAEE283E439100FF815E /* FirebaseAuthCombine-Community */; };
		3329CAF1283E439100FF815E /* FirebaseCrashlytics in Frameworks */ = {isa = PBXBuildFile; productRef = 3329CAF0283E439100FF815E /* FirebaseCrashlytics */; };
		3329CAF3283E439100FF815E /* FirebaseDatabase in Frameworks */ = {isa = PBXBuildFile; productRef = 3329CAF2283E439100FF815E /* FirebaseDatabase */; };
		3329CAF5283E439100FF815E /* FirebaseDatabaseSwift in Frameworks */ = {isa = PBXBuildFile; productRef = 3329CAF4283E439100FF815E /* FirebaseDatabaseSwift */; };
		3329CAF7283E439100FF815E /* FirebaseDynamicLinks in Frameworks */ = {isa = PBXBuildFile; productRef = 3329CAF6283E439100FF815E /* FirebaseDynamicLinks */; };
		3329CAF9283E439100FF815E /* FirebaseFirestore in Frameworks */ = {isa = PBXBuildFile; productRef = 3329CAF8283E439100FF815E /* FirebaseFirestore */; };
		3329CAFB283E439100FF815E /* FirebaseFirestoreCombine-Community in Frameworks */ = {isa = PBXBuildFile; productRef = 3329CAFA283E439100FF815E /* FirebaseFirestoreCombine-Community */; };
		3329CAFD283E439100FF815E /* FirebaseFirestoreSwift in Frameworks */ = {isa = PBXBuildFile; productRef = 3329CAFC283E439100FF815E /* FirebaseFirestoreSwift */; };
		3329CAFF283E439100FF815E /* FirebaseFunctions in Frameworks */ = {isa = PBXBuildFile; productRef = 3329CAFE283E439100FF815E /* FirebaseFunctions */; };
		3329CB01283E439100FF815E /* FirebaseFunctionsCombine-Community in Frameworks */ = {isa = PBXBuildFile; productRef = 3329CB00283E439100FF815E /* FirebaseFunctionsCombine-Community */; };
		3329CB03283E439100FF815E /* FirebaseInAppMessaging-Beta in Frameworks */ = {isa = PBXBuildFile; productRef = 3329CB02283E439100FF815E /* FirebaseInAppMessaging-Beta */; };
		3329CB05283E439100FF815E /* FirebaseInAppMessagingSwift-Beta in Frameworks */ = {isa = PBXBuildFile; productRef = 3329CB04283E439100FF815E /* FirebaseInAppMessagingSwift-Beta */; };
		3329CB07283E439100FF815E /* FirebaseInstallations in Frameworks */ = {isa = PBXBuildFile; productRef = 3329CB06283E439100FF815E /* FirebaseInstallations */; };
		3329CB09283E439100FF815E /* FirebaseMLModelDownloader in Frameworks */ = {isa = PBXBuildFile; productRef = 3329CB08283E439100FF815E /* FirebaseMLModelDownloader */; };
		3329CB0B283E439100FF815E /* FirebaseMessaging in Frameworks */ = {isa = PBXBuildFile; productRef = 3329CB0A283E439100FF815E /* FirebaseMessaging */; };
		3329CB0D283E439100FF815E /* FirebasePerformance in Frameworks */ = {isa = PBXBuildFile; productRef = 3329CB0C283E439100FF815E /* FirebasePerformance */; };
		3329CB0F283E439100FF815E /* FirebaseRemoteConfig in Frameworks */ = {isa = PBXBuildFile; productRef = 3329CB0E283E439100FF815E /* FirebaseRemoteConfig */; };
		3329CB11283E439100FF815E /* FirebaseRemoteConfigSwift in Frameworks */ = {isa = PBXBuildFile; productRef = 3329CB10283E439100FF815E /* FirebaseRemoteConfigSwift */; };
		3329CB13283E439100FF815E /* FirebaseStorage in Frameworks */ = {isa = PBXBuildFile; productRef = 3329CB12283E439100FF815E /* FirebaseStorage */; };
		3329CB15283E439100FF815E /* FirebaseStorageCombine-Community in Frameworks */ = {isa = PBXBuildFile; productRef = 3329CB14283E439100FF815E /* FirebaseStorageCombine-Community */; };
		3329CB172841480B00FF815E /* Constants.swift in Sources */ = {isa = PBXBuildFile; fileRef = 3329CB162841480B00FF815E /* Constants.swift */; };
		333C827527888448006B9407 /* AppDelegate.swift in Sources */ = {isa = PBXBuildFile; fileRef = 333C827427888448006B9407 /* AppDelegate.swift */; };
		333C827727888448006B9407 /* SceneDelegate.swift in Sources */ = {isa = PBXBuildFile; fileRef = 333C827627888448006B9407 /* SceneDelegate.swift */; };
		333C827927888448006B9407 /* HomeViewController.swift in Sources */ = {isa = PBXBuildFile; fileRef = 333C827827888448006B9407 /* HomeViewController.swift */; };
		333C827C27888448006B9407 /* Main.storyboard in Resources */ = {isa = PBXBuildFile; fileRef = 333C827A27888448006B9407 /* Main.storyboard */; };
		333C827E2788844C006B9407 /* Assets.xcassets in Resources */ = {isa = PBXBuildFile; fileRef = 333C827D2788844C006B9407 /* Assets.xcassets */; };
		333C828B2788874E006B9407 /* SecondViewController.swift in Sources */ = {isa = PBXBuildFile; fileRef = 333C828A2788874E006B9407 /* SecondViewController.swift */; };
		333C828D27888904006B9407 /* LogInnView.swift in Sources */ = {isa = PBXBuildFile; fileRef = 333C828C27888904006B9407 /* LogInnView.swift */; };
		33A4F6CC278B563B00BA92EF /* libsqlite3.0.tbd in Frameworks */ = {isa = PBXBuildFile; fileRef = 33A4F6CA278B562400BA92EF /* libsqlite3.0.tbd */; };
		33A4F6CD278B563B00BA92EF /* libsqlite3.tbd in Frameworks */ = {isa = PBXBuildFile; fileRef = 33A4F6CB278B562400BA92EF /* libsqlite3.tbd */; };
		33A4F6D2278B5AAF00BA92EF /* SignUpViewController.swift in Sources */ = {isa = PBXBuildFile; fileRef = 33A4F6D1278B5AAF00BA92EF /* SignUpViewController.swift */; };
		33A4F6D4278B600E00BA92EF /* StartScreenViewController.swift in Sources */ = {isa = PBXBuildFile; fileRef = 33A4F6D3278B600E00BA92EF /* StartScreenViewController.swift */; };
		33BA84D028733886008A4FF6 /* StocksNew.swift in Sources */ = {isa = PBXBuildFile; fileRef = 33BA84CF28733886008A4FF6 /* StocksNew.swift */; };
		33D9BFF7284926BB001C904F /* Stocks.swift in Sources */ = {isa = PBXBuildFile; fileRef = 33D9BFF6284926BB001C904F /* Stocks.swift */; };
		33D9BFF9284A5270001C904F /* Stock.swift in Sources */ = {isa = PBXBuildFile; fileRef = 33D9BFF8284A5270001C904F /* Stock.swift */; };
		33D9BFFB28535959001C904F /* DividendsViewController.swift in Sources */ = {isa = PBXBuildFile; fileRef = 33D9BFFA28535959001C904F /* DividendsViewController.swift */; };
		33D9BFFD2853596A001C904F /* PortfolioViewController.swift in Sources */ = {isa = PBXBuildFile; fileRef = 33D9BFFC2853596A001C904F /* PortfolioViewController.swift */; };
		33D9BFFF285359F6001C904F /* AccountViewController.swift in Sources */ = {isa = PBXBuildFile; fileRef = 33D9BFFE285359F6001C904F /* AccountViewController.swift */; };
		33D9C0012854F505001C904F /* User.swift in Sources */ = {isa = PBXBuildFile; fileRef = 33D9C0002854F504001C904F /* User.swift */; };
		33E764A6285FBB5200B8B9DB /* StockView.swift in Sources */ = {isa = PBXBuildFile; fileRef = 33E764A5285FBB5200B8B9DB /* StockView.swift */; };
		33FDB58C285A1F49000ED1A0 /* DivDiaryTests.swift in Sources */ = {isa = PBXBuildFile; fileRef = 33FDB58B285A1F49000ED1A0 /* DivDiaryTests.swift */; };
/* End PBXBuildFile section */

/* Begin PBXContainerItemProxy section */
		33FDB58D285A1F4A000ED1A0 /* PBXContainerItemProxy */ = {
			isa = PBXContainerItemProxy;
			containerPortal = 333C826927888448006B9407 /* Project object */;
			proxyType = 1;
			remoteGlobalIDString = 333C827027888448006B9407;
			remoteInfo = DivDiary;
		};
/* End PBXContainerItemProxy section */

/* Begin PBXFileReference section */
		3322DACA28610C7D00838580 /* DividendView.swift */ = {isa = PBXFileReference; lastKnownFileType = sourcecode.swift; path = DividendView.swift; sourceTree = "<group>"; };
		3322DACE286488C900838580 /* Test.swift */ = {isa = PBXFileReference; lastKnownFileType = sourcecode.swift; path = Test.swift; sourceTree = "<group>"; };
		3329CADB283E221E00FF815E /* Utilities.swift */ = {isa = PBXFileReference; lastKnownFileType = sourcecode.swift; path = Utilities.swift; sourceTree = "<group>"; };
		3329CADD283E381300FF815E /* GoogleService-Info.plist */ = {isa = PBXFileReference; fileEncoding = 4; lastKnownFileType = text.plist.xml; path = "GoogleService-Info.plist"; sourceTree = "<group>"; };
		3329CB162841480B00FF815E /* Constants.swift */ = {isa = PBXFileReference; lastKnownFileType = sourcecode.swift; path = Constants.swift; sourceTree = "<group>"; };
		333C827127888448006B9407 /* DivDiary.app */ = {isa = PBXFileReference; explicitFileType = wrapper.application; includeInIndex = 0; path = DivDiary.app; sourceTree = BUILT_PRODUCTS_DIR; };
		333C827427888448006B9407 /* AppDelegate.swift */ = {isa = PBXFileReference; lastKnownFileType = sourcecode.swift; path = AppDelegate.swift; sourceTree = "<group>"; };
		333C827627888448006B9407 /* SceneDelegate.swift */ = {isa = PBXFileReference; lastKnownFileType = sourcecode.swift; path = SceneDelegate.swift; sourceTree = "<group>"; };
		333C827827888448006B9407 /* HomeViewController.swift */ = {isa = PBXFileReference; lastKnownFileType = sourcecode.swift; path = HomeViewController.swift; sourceTree = "<group>"; };
		333C827B27888448006B9407 /* Base */ = {isa = PBXFileReference; lastKnownFileType = file.storyboard; name = Base; path = Base.lproj/Main.storyboard; sourceTree = "<group>"; };
		333C827D2788844C006B9407 /* Assets.xcassets */ = {isa = PBXFileReference; lastKnownFileType = folder.assetcatalog; path = Assets.xcassets; sourceTree = "<group>"; };
		333C82822788844C006B9407 /* Info.plist */ = {isa = PBXFileReference; lastKnownFileType = text.plist.xml; path = Info.plist; sourceTree = "<group>"; };
		333C828A2788874E006B9407 /* SecondViewController.swift */ = {isa = PBXFileReference; lastKnownFileType = sourcecode.swift; path = SecondViewController.swift; sourceTree = "<group>"; };
		333C828C27888904006B9407 /* LogInnView.swift */ = {isa = PBXFileReference; lastKnownFileType = sourcecode.swift; path = LogInnView.swift; sourceTree = "<group>"; };
		33A4F6CA278B562400BA92EF /* libsqlite3.0.tbd */ = {isa = PBXFileReference; lastKnownFileType = "sourcecode.text-based-dylib-definition"; name = libsqlite3.0.tbd; path = usr/lib/libsqlite3.0.tbd; sourceTree = SDKROOT; };
		33A4F6CB278B562400BA92EF /* libsqlite3.tbd */ = {isa = PBXFileReference; lastKnownFileType = "sourcecode.text-based-dylib-definition"; name = libsqlite3.tbd; path = usr/lib/libsqlite3.tbd; sourceTree = SDKROOT; };
		33A4F6D1278B5AAF00BA92EF /* SignUpViewController.swift */ = {isa = PBXFileReference; lastKnownFileType = sourcecode.swift; path = SignUpViewController.swift; sourceTree = "<group>"; };
		33A4F6D3278B600E00BA92EF /* StartScreenViewController.swift */ = {isa = PBXFileReference; lastKnownFileType = sourcecode.swift; path = StartScreenViewController.swift; sourceTree = "<group>"; };
		33BA84CF28733886008A4FF6 /* StocksNew.swift */ = {isa = PBXFileReference; lastKnownFileType = sourcecode.swift; path = StocksNew.swift; sourceTree = "<group>"; };
		33D9BFF6284926BB001C904F /* Stocks.swift */ = {isa = PBXFileReference; lastKnownFileType = sourcecode.swift; path = Stocks.swift; sourceTree = "<group>"; };
		33D9BFF8284A5270001C904F /* Stock.swift */ = {isa = PBXFileReference; lastKnownFileType = sourcecode.swift; path = Stock.swift; sourceTree = "<group>"; };
		33D9BFFA28535959001C904F /* DividendsViewController.swift */ = {isa = PBXFileReference; lastKnownFileType = sourcecode.swift; path = DividendsViewController.swift; sourceTree = "<group>"; };
		33D9BFFC2853596A001C904F /* PortfolioViewController.swift */ = {isa = PBXFileReference; lastKnownFileType = sourcecode.swift; path = PortfolioViewController.swift; sourceTree = "<group>"; };
		33D9BFFE285359F6001C904F /* AccountViewController.swift */ = {isa = PBXFileReference; lastKnownFileType = sourcecode.swift; path = AccountViewController.swift; sourceTree = "<group>"; };
		33D9C0002854F504001C904F /* User.swift */ = {isa = PBXFileReference; lastKnownFileType = sourcecode.swift; path = User.swift; sourceTree = "<group>"; };
		33E764A5285FBB5200B8B9DB /* StockView.swift */ = {isa = PBXFileReference; lastKnownFileType = sourcecode.swift; path = StockView.swift; sourceTree = "<group>"; };
		33FDB589285A1F49000ED1A0 /* DivDiaryTests.xctest */ = {isa = PBXFileReference; explicitFileType = wrapper.cfbundle; includeInIndex = 0; path = DivDiaryTests.xctest; sourceTree = BUILT_PRODUCTS_DIR; };
		33FDB58B285A1F49000ED1A0 /* DivDiaryTests.swift */ = {isa = PBXFileReference; lastKnownFileType = sourcecode.swift; path = DivDiaryTests.swift; sourceTree = "<group>"; };
/* End PBXFileReference section */

/* Begin PBXFrameworksBuildPhase section */
		333C826E27888448006B9407 /* Frameworks */ = {
			isa = PBXFrameworksBuildPhase;
			buildActionMask = 2147483647;
			files = (
				3329CB0B283E439100FF815E /* FirebaseMessaging in Frameworks */,
				33A4F6CD278B563B00BA92EF /* libsqlite3.tbd in Frameworks */,
				3329CAFD283E439100FF815E /* FirebaseFirestoreSwift in Frameworks */,
				3329CAE7283E439100FF815E /* FirebaseAnalyticsWithoutAdIdSupport in Frameworks */,
				3329CAFF283E439100FF815E /* FirebaseFunctions in Frameworks */,
				33A4F6CC278B563B00BA92EF /* libsqlite3.0.tbd in Frameworks */,
				3329CAE1283E439100FF815E /* FirebaseAnalytics in Frameworks */,
				3329CAED283E439100FF815E /* FirebaseAuth in Frameworks */,
				3329CAF7283E439100FF815E /* FirebaseDynamicLinks in Frameworks */,
				3329CAF1283E439100FF815E /* FirebaseCrashlytics in Frameworks */,
				3329CB09283E439100FF815E /* FirebaseMLModelDownloader in Frameworks */,
				3329CAF5283E439100FF815E /* FirebaseDatabaseSwift in Frameworks */,
				3329CAF9283E439100FF815E /* FirebaseFirestore in Frameworks */,
				3329CB07283E439100FF815E /* FirebaseInstallations in Frameworks */,
				3329CB01283E439100FF815E /* FirebaseFunctionsCombine-Community in Frameworks */,
				3329CAFB283E439100FF815E /* FirebaseFirestoreCombine-Community in Frameworks */,
				3329CAF3283E439100FF815E /* FirebaseDatabase in Frameworks */,
				3329CB0D283E439100FF815E /* FirebasePerformance in Frameworks */,
				3329CAE9283E439100FF815E /* FirebaseAppCheck in Frameworks */,
				3329CAE3283E439100FF815E /* FirebaseAnalyticsOnDeviceConversion in Frameworks */,
				3329CB05283E439100FF815E /* FirebaseInAppMessagingSwift-Beta in Frameworks */,
				3329CB11283E439100FF815E /* FirebaseRemoteConfigSwift in Frameworks */,
				3329CAE5283E439100FF815E /* FirebaseAnalyticsSwift in Frameworks */,
				3329CAEB283E439100FF815E /* FirebaseAppDistribution-Beta in Frameworks */,
				3329CB0F283E439100FF815E /* FirebaseRemoteConfig in Frameworks */,
				3329CB13283E439100FF815E /* FirebaseStorage in Frameworks */,
				3329CAEF283E439100FF815E /* FirebaseAuthCombine-Community in Frameworks */,
				3329CB15283E439100FF815E /* FirebaseStorageCombine-Community in Frameworks */,
				3329CB03283E439100FF815E /* FirebaseInAppMessaging-Beta in Frameworks */,
			);
			runOnlyForDeploymentPostprocessing = 0;
		};
		33FDB586285A1F49000ED1A0 /* Frameworks */ = {
			isa = PBXFrameworksBuildPhase;
			buildActionMask = 2147483647;
			files = (
			);
			runOnlyForDeploymentPostprocessing = 0;
		};
/* End PBXFrameworksBuildPhase section */

/* Begin PBXGroup section */
		3329CADA283E220300FF815E /* Helpers */ = {
			isa = PBXGroup;
			children = (
				3329CADB283E221E00FF815E /* Utilities.swift */,
				3329CB162841480B00FF815E /* Constants.swift */,
				33D9BFF6284926BB001C904F /* Stocks.swift */,
				33D9BFF8284A5270001C904F /* Stock.swift */,
				33D9C0002854F504001C904F /* User.swift */,
				3322DACE286488C900838580 /* Test.swift */,
				33BA84CF28733886008A4FF6 /* StocksNew.swift */,
			);
			path = Helpers;
			sourceTree = "<group>";
		};
		333C826827888448006B9407 = {
			isa = PBXGroup;
			children = (
				333C827327888448006B9407 /* DivDiary */,
				33FDB58A285A1F49000ED1A0 /* DivDiaryTests */,
				333C827227888448006B9407 /* Products */,
				33A4F6C9278B562300BA92EF /* Frameworks */,
			);
			sourceTree = "<group>";
		};
		333C827227888448006B9407 /* Products */ = {
			isa = PBXGroup;
			children = (
				333C827127888448006B9407 /* DivDiary.app */,
				33FDB589285A1F49000ED1A0 /* DivDiaryTests.xctest */,
			);
			name = Products;
			sourceTree = "<group>";
		};
		333C827327888448006B9407 /* DivDiary */ = {
			isa = PBXGroup;
			children = (
				33E764A2285F9AE200B8B9DB /* ViewModels */,
				333C827627888448006B9407 /* SceneDelegate.swift */,
				333C827427888448006B9407 /* AppDelegate.swift */,
				3329CADA283E220300FF815E /* Helpers */,
				33A4F6CE278B5A2600BA92EF /* View Controllers */,
				333C827A27888448006B9407 /* Main.storyboard */,
				333C827D2788844C006B9407 /* Assets.xcassets */,
				3329CADD283E381300FF815E /* GoogleService-Info.plist */,
				333C82822788844C006B9407 /* Info.plist */,
			);
			path = DivDiary;
			sourceTree = "<group>";
		};
		33A4F6C9278B562300BA92EF /* Frameworks */ = {
			isa = PBXGroup;
			children = (
				33A4F6CA278B562400BA92EF /* libsqlite3.0.tbd */,
				33A4F6CB278B562400BA92EF /* libsqlite3.tbd */,
			);
			name = Frameworks;
			sourceTree = "<group>";
		};
		33A4F6CE278B5A2600BA92EF /* View Controllers */ = {
			isa = PBXGroup;
			children = (
				333C827827888448006B9407 /* HomeViewController.swift */,
				333C828A2788874E006B9407 /* SecondViewController.swift */,
				33A4F6D1278B5AAF00BA92EF /* SignUpViewController.swift */,
				33A4F6D3278B600E00BA92EF /* StartScreenViewController.swift */,
				333C828C27888904006B9407 /* LogInnView.swift */,
				33D9BFFA28535959001C904F /* DividendsViewController.swift */,
				33D9BFFC2853596A001C904F /* PortfolioViewController.swift */,
				33D9BFFE285359F6001C904F /* AccountViewController.swift */,
			);
			path = "View Controllers";
			sourceTree = "<group>";
		};
		33E764A2285F9AE200B8B9DB /* ViewModels */ = {
			isa = PBXGroup;
			children = (
				33E764A5285FBB5200B8B9DB /* StockView.swift */,
				3322DACA28610C7D00838580 /* DividendView.swift */,
			);
			path = ViewModels;
			sourceTree = "<group>";
		};
		33FDB58A285A1F49000ED1A0 /* DivDiaryTests */ = {
			isa = PBXGroup;
			children = (
				33FDB58B285A1F49000ED1A0 /* DivDiaryTests.swift */,
			);
			path = DivDiaryTests;
			sourceTree = "<group>";
		};
/* End PBXGroup section */

/* Begin PBXNativeTarget section */
		333C827027888448006B9407 /* DivDiary */ = {
			isa = PBXNativeTarget;
			buildConfigurationList = 333C82852788844C006B9407 /* Build configuration list for PBXNativeTarget "DivDiary" */;
			buildPhases = (
				333C826D27888448006B9407 /* Sources */,
				333C826E27888448006B9407 /* Frameworks */,
				333C826F27888448006B9407 /* Resources */,
			);
			buildRules = (
			);
			dependencies = (
			);
			name = DivDiary;
			packageProductDependencies = (
				3329CAE0283E439100FF815E /* FirebaseAnalytics */,
				3329CAE2283E439100FF815E /* FirebaseAnalyticsOnDeviceConversion */,
				3329CAE4283E439100FF815E /* FirebaseAnalyticsSwift */,
				3329CAE6283E439100FF815E /* FirebaseAnalyticsWithoutAdIdSupport */,
				3329CAE8283E439100FF815E /* FirebaseAppCheck */,
				3329CAEA283E439100FF815E /* FirebaseAppDistribution-Beta */,
				3329CAEC283E439100FF815E /* FirebaseAuth */,
				3329CAEE283E439100FF815E /* FirebaseAuthCombine-Community */,
				3329CAF0283E439100FF815E /* FirebaseCrashlytics */,
				3329CAF2283E439100FF815E /* FirebaseDatabase */,
				3329CAF4283E439100FF815E /* FirebaseDatabaseSwift */,
				3329CAF6283E439100FF815E /* FirebaseDynamicLinks */,
				3329CAF8283E439100FF815E /* FirebaseFirestore */,
				3329CAFA283E439100FF815E /* FirebaseFirestoreCombine-Community */,
				3329CAFC283E439100FF815E /* FirebaseFirestoreSwift */,
				3329CAFE283E439100FF815E /* FirebaseFunctions */,
				3329CB00283E439100FF815E /* FirebaseFunctionsCombine-Community */,
				3329CB02283E439100FF815E /* FirebaseInAppMessaging-Beta */,
				3329CB04283E439100FF815E /* FirebaseInAppMessagingSwift-Beta */,
				3329CB06283E439100FF815E /* FirebaseInstallations */,
				3329CB08283E439100FF815E /* FirebaseMLModelDownloader */,
				3329CB0A283E439100FF815E /* FirebaseMessaging */,
				3329CB0C283E439100FF815E /* FirebasePerformance */,
				3329CB0E283E439100FF815E /* FirebaseRemoteConfig */,
				3329CB10283E439100FF815E /* FirebaseRemoteConfigSwift */,
				3329CB12283E439100FF815E /* FirebaseStorage */,
				3329CB14283E439100FF815E /* FirebaseStorageCombine-Community */,
			);
			productName = DivDiary;
			productReference = 333C827127888448006B9407 /* DivDiary.app */;
			productType = "com.apple.product-type.application";
		};
		33FDB588285A1F49000ED1A0 /* DivDiaryTests */ = {
			isa = PBXNativeTarget;
			buildConfigurationList = 33FDB591285A1F4A000ED1A0 /* Build configuration list for PBXNativeTarget "DivDiaryTests" */;
			buildPhases = (
				33FDB585285A1F49000ED1A0 /* Sources */,
				33FDB586285A1F49000ED1A0 /* Frameworks */,
				33FDB587285A1F49000ED1A0 /* Resources */,
			);
			buildRules = (
			);
			dependencies = (
				33FDB58E285A1F4A000ED1A0 /* PBXTargetDependency */,
			);
			name = DivDiaryTests;
			productName = DivDiaryTests;
			productReference = 33FDB589285A1F49000ED1A0 /* DivDiaryTests.xctest */;
			productType = "com.apple.product-type.bundle.unit-test";
		};
/* End PBXNativeTarget section */

/* Begin PBXProject section */
		333C826927888448006B9407 /* Project object */ = {
			isa = PBXProject;
			attributes = {
				BuildIndependentTargetsInParallel = 1;
				KnownAssetTags = (
					button,
				);
				LastSwiftUpdateCheck = 1330;
				LastUpgradeCheck = 1320;
				TargetAttributes = {
					333C827027888448006B9407 = {
						CreatedOnToolsVersion = 13.2.1;
					};
					33FDB588285A1F49000ED1A0 = {
						CreatedOnToolsVersion = 13.3;
						TestTargetID = 333C827027888448006B9407;
					};
				};
			};
			buildConfigurationList = 333C826C27888448006B9407 /* Build configuration list for PBXProject "DivDiary" */;
			compatibilityVersion = "Xcode 13.0";
			developmentRegion = en;
			hasScannedForEncodings = 0;
			knownRegions = (
				en,
				Base,
			);
			mainGroup = 333C826827888448006B9407;
			packageReferences = (
				3329CADF283E439100FF815E /* XCRemoteSwiftPackageReference "firebase-ios-sdk" */,
			);
			productRefGroup = 333C827227888448006B9407 /* Products */;
			projectDirPath = "";
			projectRoot = "";
			targets = (
				333C827027888448006B9407 /* DivDiary */,
				33FDB588285A1F49000ED1A0 /* DivDiaryTests */,
			);
		};
/* End PBXProject section */

/* Begin PBXResourcesBuildPhase section */
		333C826F27888448006B9407 /* Resources */ = {
			isa = PBXResourcesBuildPhase;
			buildActionMask = 2147483647;
			files = (
				333C827E2788844C006B9407 /* Assets.xcassets in Resources */,
				333C827C27888448006B9407 /* Main.storyboard in Resources */,
				3329CADE283E381300FF815E /* GoogleService-Info.plist in Resources */,
			);
			runOnlyForDeploymentPostprocessing = 0;
		};
		33FDB587285A1F49000ED1A0 /* Resources */ = {
			isa = PBXResourcesBuildPhase;
			buildActionMask = 2147483647;
			files = (
			);
			runOnlyForDeploymentPostprocessing = 0;
		};
/* End PBXResourcesBuildPhase section */

/* Begin PBXSourcesBuildPhase section */
		333C826D27888448006B9407 /* Sources */ = {
			isa = PBXSourcesBuildPhase;
			buildActionMask = 2147483647;
			files = (
				33D9BFFD2853596A001C904F /* PortfolioViewController.swift in Sources */,
				33E764A6285FBB5200B8B9DB /* StockView.swift in Sources */,
				33A4F6D4278B600E00BA92EF /* StartScreenViewController.swift in Sources */,
				33D9BFFF285359F6001C904F /* AccountViewController.swift in Sources */,
				33D9BFFB28535959001C904F /* DividendsViewController.swift in Sources */,
				3322DACB28610C7D00838580 /* DividendView.swift in Sources */,
				33A4F6D2278B5AAF00BA92EF /* SignUpViewController.swift in Sources */,
				333C828D27888904006B9407 /* LogInnView.swift in Sources */,
				333C827927888448006B9407 /* HomeViewController.swift in Sources */,
				33D9BFF7284926BB001C904F /* Stocks.swift in Sources */,
				33D9C0012854F505001C904F /* User.swift in Sources */,
				3322DACF286488C900838580 /* Test.swift in Sources */,
				333C827527888448006B9407 /* AppDelegate.swift in Sources */,
				333C828B2788874E006B9407 /* SecondViewController.swift in Sources */,
				33BA84D028733886008A4FF6 /* StocksNew.swift in Sources */,
				3329CADC283E221E00FF815E /* Utilities.swift in Sources */,
				333C827727888448006B9407 /* SceneDelegate.swift in Sources */,
				33D9BFF9284A5270001C904F /* Stock.swift in Sources */,
				3329CB172841480B00FF815E /* Constants.swift in Sources */,
			);
			runOnlyForDeploymentPostprocessing = 0;
		};
		33FDB585285A1F49000ED1A0 /* Sources */ = {
			isa = PBXSourcesBuildPhase;
			buildActionMask = 2147483647;
			files = (
				33FDB58C285A1F49000ED1A0 /* DivDiaryTests.swift in Sources */,
			);
			runOnlyForDeploymentPostprocessing = 0;
		};
/* End PBXSourcesBuildPhase section */

/* Begin PBXTargetDependency section */
		33FDB58E285A1F4A000ED1A0 /* PBXTargetDependency */ = {
			isa = PBXTargetDependency;
			target = 333C827027888448006B9407 /* DivDiary */;
			targetProxy = 33FDB58D285A1F4A000ED1A0 /* PBXContainerItemProxy */;
		};
/* End PBXTargetDependency section */

/* Begin PBXVariantGroup section */
		333C827A27888448006B9407 /* Main.storyboard */ = {
			isa = PBXVariantGroup;
			children = (
				333C827B27888448006B9407 /* Base */,
			);
			name = Main.storyboard;
			sourceTree = "<group>";
		};
/* End PBXVariantGroup section */

/* Begin XCBuildConfiguration section */
		333C82832788844C006B9407 /* Debug */ = {
			isa = XCBuildConfiguration;
			buildSettings = {
				ALWAYS_SEARCH_USER_PATHS = NO;
				CLANG_ANALYZER_NONNULL = YES;
				CLANG_ANALYZER_NUMBER_OBJECT_CONVERSION = YES_AGGRESSIVE;
				CLANG_CXX_LANGUAGE_STANDARD = "gnu++17";
				CLANG_CXX_LIBRARY = "libc++";
				CLANG_ENABLE_MODULES = YES;
				CLANG_ENABLE_OBJC_ARC = YES;
				CLANG_ENABLE_OBJC_WEAK = YES;
				CLANG_WARN_BLOCK_CAPTURE_AUTORELEASING = YES;
				CLANG_WARN_BOOL_CONVERSION = YES;
				CLANG_WARN_COMMA = YES;
				CLANG_WARN_CONSTANT_CONVERSION = YES;
				CLANG_WARN_DEPRECATED_OBJC_IMPLEMENTATIONS = YES;
				CLANG_WARN_DIRECT_OBJC_ISA_USAGE = YES_ERROR;
				CLANG_WARN_DOCUMENTATION_COMMENTS = YES;
				CLANG_WARN_EMPTY_BODY = YES;
				CLANG_WARN_ENUM_CONVERSION = YES;
				CLANG_WARN_INFINITE_RECURSION = YES;
				CLANG_WARN_INT_CONVERSION = YES;
				CLANG_WARN_NON_LITERAL_NULL_CONVERSION = YES;
				CLANG_WARN_OBJC_IMPLICIT_RETAIN_SELF = YES;
				CLANG_WARN_OBJC_LITERAL_CONVERSION = YES;
				CLANG_WARN_OBJC_ROOT_CLASS = YES_ERROR;
				CLANG_WARN_QUOTED_INCLUDE_IN_FRAMEWORK_HEADER = YES;
				CLANG_WARN_RANGE_LOOP_ANALYSIS = YES;
				CLANG_WARN_STRICT_PROTOTYPES = YES;
				CLANG_WARN_SUSPICIOUS_MOVE = YES;
				CLANG_WARN_UNGUARDED_AVAILABILITY = YES_AGGRESSIVE;
				CLANG_WARN_UNREACHABLE_CODE = YES;
				CLANG_WARN__DUPLICATE_METHOD_MATCH = YES;
				COPY_PHASE_STRIP = NO;
				DEBUG_INFORMATION_FORMAT = dwarf;
				ENABLE_STRICT_OBJC_MSGSEND = YES;
				ENABLE_TESTABILITY = YES;
				GCC_C_LANGUAGE_STANDARD = gnu11;
				GCC_DYNAMIC_NO_PIC = NO;
				GCC_NO_COMMON_BLOCKS = YES;
				GCC_OPTIMIZATION_LEVEL = 0;
				GCC_PREPROCESSOR_DEFINITIONS = (
					"DEBUG=1",
					"$(inherited)",
				);
				GCC_WARN_64_TO_32_BIT_CONVERSION = YES;
				GCC_WARN_ABOUT_RETURN_TYPE = YES_ERROR;
				GCC_WARN_UNDECLARED_SELECTOR = YES;
				GCC_WARN_UNINITIALIZED_AUTOS = YES_AGGRESSIVE;
				GCC_WARN_UNUSED_FUNCTION = YES;
				GCC_WARN_UNUSED_VARIABLE = YES;
				IPHONEOS_DEPLOYMENT_TARGET = 15.2;
				MTL_ENABLE_DEBUG_INFO = INCLUDE_SOURCE;
				MTL_FAST_MATH = YES;
				ONLY_ACTIVE_ARCH = YES;
				SDKROOT = iphoneos;
				SWIFT_ACTIVE_COMPILATION_CONDITIONS = DEBUG;
				SWIFT_OPTIMIZATION_LEVEL = "-Onone";
			};
			name = Debug;
		};
		333C82842788844C006B9407 /* Release */ = {
			isa = XCBuildConfiguration;
			buildSettings = {
				ALWAYS_SEARCH_USER_PATHS = NO;
				CLANG_ANALYZER_NONNULL = YES;
				CLANG_ANALYZER_NUMBER_OBJECT_CONVERSION = YES_AGGRESSIVE;
				CLANG_CXX_LANGUAGE_STANDARD = "gnu++17";
				CLANG_CXX_LIBRARY = "libc++";
				CLANG_ENABLE_MODULES = YES;
				CLANG_ENABLE_OBJC_ARC = YES;
				CLANG_ENABLE_OBJC_WEAK = YES;
				CLANG_WARN_BLOCK_CAPTURE_AUTORELEASING = YES;
				CLANG_WARN_BOOL_CONVERSION = YES;
				CLANG_WARN_COMMA = YES;
				CLANG_WARN_CONSTANT_CONVERSION = YES;
				CLANG_WARN_DEPRECATED_OBJC_IMPLEMENTATIONS = YES;
				CLANG_WARN_DIRECT_OBJC_ISA_USAGE = YES_ERROR;
				CLANG_WARN_DOCUMENTATION_COMMENTS = YES;
				CLANG_WARN_EMPTY_BODY = YES;
				CLANG_WARN_ENUM_CONVERSION = YES;
				CLANG_WARN_INFINITE_RECURSION = YES;
				CLANG_WARN_INT_CONVERSION = YES;
				CLANG_WARN_NON_LITERAL_NULL_CONVERSION = YES;
				CLANG_WARN_OBJC_IMPLICIT_RETAIN_SELF = YES;
				CLANG_WARN_OBJC_LITERAL_CONVERSION = YES;
				CLANG_WARN_OBJC_ROOT_CLASS = YES_ERROR;
				CLANG_WARN_QUOTED_INCLUDE_IN_FRAMEWORK_HEADER = YES;
				CLANG_WARN_RANGE_LOOP_ANALYSIS = YES;
				CLANG_WARN_STRICT_PROTOTYPES = YES;
				CLANG_WARN_SUSPICIOUS_MOVE = YES;
				CLANG_WARN_UNGUARDED_AVAILABILITY = YES_AGGRESSIVE;
				CLANG_WARN_UNREACHABLE_CODE = YES;
				CLANG_WARN__DUPLICATE_METHOD_MATCH = YES;
				COPY_PHASE_STRIP = NO;
				DEBUG_INFORMATION_FORMAT = "dwarf-with-dsym";
				ENABLE_NS_ASSERTIONS = NO;
				ENABLE_STRICT_OBJC_MSGSEND = YES;
				GCC_C_LANGUAGE_STANDARD = gnu11;
				GCC_NO_COMMON_BLOCKS = YES;
				GCC_WARN_64_TO_32_BIT_CONVERSION = YES;
				GCC_WARN_ABOUT_RETURN_TYPE = YES_ERROR;
				GCC_WARN_UNDECLARED_SELECTOR = YES;
				GCC_WARN_UNINITIALIZED_AUTOS = YES_AGGRESSIVE;
				GCC_WARN_UNUSED_FUNCTION = YES;
				GCC_WARN_UNUSED_VARIABLE = YES;
				IPHONEOS_DEPLOYMENT_TARGET = 15.2;
				MTL_ENABLE_DEBUG_INFO = NO;
				MTL_FAST_MATH = YES;
				SDKROOT = iphoneos;
				SWIFT_COMPILATION_MODE = wholemodule;
				SWIFT_OPTIMIZATION_LEVEL = "-O";
				VALIDATE_PRODUCT = YES;
			};
			name = Release;
		};
		333C82862788844C006B9407 /* Debug */ = {
			isa = XCBuildConfiguration;
			buildSettings = {
				ASSETCATALOG_COMPILER_APPICON_NAME = AppIcon;
				ASSETCATALOG_COMPILER_GLOBAL_ACCENT_COLOR_NAME = AccentColor;
				CODE_SIGN_STYLE = Automatic;
				CURRENT_PROJECT_VERSION = 1;
				DEVELOPMENT_TEAM = C39D5M9WDD;
				GENERATE_INFOPLIST_FILE = YES;
				INFOPLIST_FILE = DivDiary/Info.plist;
				INFOPLIST_KEY_UIApplicationSupportsIndirectInputEvents = YES;
				INFOPLIST_KEY_UILaunchStoryboardName = Main;
				INFOPLIST_KEY_UIMainStoryboardFile = Main;
				INFOPLIST_KEY_UISupportedInterfaceOrientations_iPad = "UIInterfaceOrientationPortrait UIInterfaceOrientationPortraitUpsideDown UIInterfaceOrientationLandscapeLeft UIInterfaceOrientationLandscapeRight";
				INFOPLIST_KEY_UISupportedInterfaceOrientations_iPhone = "UIInterfaceOrientationPortrait UIInterfaceOrientationLandscapeLeft UIInterfaceOrientationLandscapeRight";
				LD_RUNPATH_SEARCH_PATHS = (
					"$(inherited)",
					"@executable_path/Frameworks",
				);
				MARKETING_VERSION = 1.0;
				PRODUCT_BUNDLE_IDENTIFIER = com.DivDiary;
				PRODUCT_NAME = "$(TARGET_NAME)";
				SWIFT_EMIT_LOC_STRINGS = YES;
				SWIFT_VERSION = 5.0;
				TARGETED_DEVICE_FAMILY = "1,2";
			};
			name = Debug;
		};
		333C82872788844C006B9407 /* Release */ = {
			isa = XCBuildConfiguration;
			buildSettings = {
				ASSETCATALOG_COMPILER_APPICON_NAME = AppIcon;
				ASSETCATALOG_COMPILER_GLOBAL_ACCENT_COLOR_NAME = AccentColor;
				CODE_SIGN_STYLE = Automatic;
				CURRENT_PROJECT_VERSION = 1;
				GENERATE_INFOPLIST_FILE = YES;
				INFOPLIST_FILE = DivDiary/Info.plist;
				INFOPLIST_KEY_UIApplicationSupportsIndirectInputEvents = YES;
				INFOPLIST_KEY_UILaunchStoryboardName = Main;
				INFOPLIST_KEY_UIMainStoryboardFile = Main;
				INFOPLIST_KEY_UISupportedInterfaceOrientations_iPad = "UIInterfaceOrientationPortrait UIInterfaceOrientationPortraitUpsideDown UIInterfaceOrientationLandscapeLeft UIInterfaceOrientationLandscapeRight";
				INFOPLIST_KEY_UISupportedInterfaceOrientations_iPhone = "UIInterfaceOrientationPortrait UIInterfaceOrientationLandscapeLeft UIInterfaceOrientationLandscapeRight";
				LD_RUNPATH_SEARCH_PATHS = (
					"$(inherited)",
					"@executable_path/Frameworks",
				);
				MARKETING_VERSION = 1.0;
				PRODUCT_BUNDLE_IDENTIFIER = com.DivDiary;
				PRODUCT_NAME = "$(TARGET_NAME)";
				SWIFT_EMIT_LOC_STRINGS = YES;
				SWIFT_VERSION = 5.0;
				TARGETED_DEVICE_FAMILY = "1,2";
			};
			name = Release;
		};
		33FDB58F285A1F4A000ED1A0 /* Debug */ = {
			isa = XCBuildConfiguration;
			buildSettings = {
				BUNDLE_LOADER = "$(TEST_HOST)";
				CODE_SIGN_STYLE = Automatic;
				CURRENT_PROJECT_VERSION = 1;
				DEVELOPMENT_TEAM = C39D5M9WDD;
				GENERATE_INFOPLIST_FILE = YES;
				IPHONEOS_DEPLOYMENT_TARGET = 15.4;
				MARKETING_VERSION = 1.0;
				PRODUCT_BUNDLE_IDENTIFIER = com.DivDiaryTests;
				PRODUCT_NAME = "$(TARGET_NAME)";
				SWIFT_EMIT_LOC_STRINGS = NO;
				SWIFT_VERSION = 5.0;
				TARGETED_DEVICE_FAMILY = "1,2";
				TEST_HOST = "$(BUILT_PRODUCTS_DIR)/DivDiary.app/DivDiary";
			};
			name = Debug;
		};
		33FDB590285A1F4A000ED1A0 /* Release */ = {
			isa = XCBuildConfiguration;
			buildSettings = {
				BUNDLE_LOADER = "$(TEST_HOST)";
				CODE_SIGN_STYLE = Automatic;
				CURRENT_PROJECT_VERSION = 1;
				DEVELOPMENT_TEAM = C39D5M9WDD;
				GENERATE_INFOPLIST_FILE = YES;
				IPHONEOS_DEPLOYMENT_TARGET = 15.4;
				MARKETING_VERSION = 1.0;
				PRODUCT_BUNDLE_IDENTIFIER = com.DivDiaryTests;
				PRODUCT_NAME = "$(TARGET_NAME)";
				SWIFT_EMIT_LOC_STRINGS = NO;
				SWIFT_VERSION = 5.0;
				TARGETED_DEVICE_FAMILY = "1,2";
				TEST_HOST = "$(BUILT_PRODUCTS_DIR)/DivDiary.app/DivDiary";
			};
			name = Release;
		};
/* End XCBuildConfiguration section */

/* Begin XCConfigurationList section */
		333C826C27888448006B9407 /* Build configuration list for PBXProject "DivDiary" */ = {
			isa = XCConfigurationList;
			buildConfigurations = (
				333C82832788844C006B9407 /* Debug */,
				333C82842788844C006B9407 /* Release */,
			);
			defaultConfigurationIsVisible = 0;
			defaultConfigurationName = Release;
		};
		333C82852788844C006B9407 /* Build configuration list for PBXNativeTarget "DivDiary" */ = {
			isa = XCConfigurationList;
			buildConfigurations = (
				333C82862788844C006B9407 /* Debug */,
				333C82872788844C006B9407 /* Release */,
			);
			defaultConfigurationIsVisible = 0;
			defaultConfigurationName = Release;
		};
		33FDB591285A1F4A000ED1A0 /* Build configuration list for PBXNativeTarget "DivDiaryTests" */ = {
			isa = XCConfigurationList;
			buildConfigurations = (
				33FDB58F285A1F4A000ED1A0 /* Debug */,
				33FDB590285A1F4A000ED1A0 /* Release */,
			);
			defaultConfigurationIsVisible = 0;
			defaultConfigurationName = Release;
		};
/* End XCConfigurationList section */

/* Begin XCRemoteSwiftPackageReference section */
		3329CADF283E439100FF815E /* XCRemoteSwiftPackageReference "firebase-ios-sdk" */ = {
			isa = XCRemoteSwiftPackageReference;
			repositoryURL = "https://github.com/firebase/firebase-ios-sdk";
			requirement = {
				branch = master;
				kind = branch;
			};
		};
/* End XCRemoteSwiftPackageReference section */

/* Begin XCSwiftPackageProductDependency section */
		3329CAE0283E439100FF815E /* FirebaseAnalytics */ = {
			isa = XCSwiftPackageProductDependency;
			package = 3329CADF283E439100FF815E /* XCRemoteSwiftPackageReference "firebase-ios-sdk" */;
			productName = FirebaseAnalytics;
		};
		3329CAE2283E439100FF815E /* FirebaseAnalyticsOnDeviceConversion */ = {
			isa = XCSwiftPackageProductDependency;
			package = 3329CADF283E439100FF815E /* XCRemoteSwiftPackageReference "firebase-ios-sdk" */;
			productName = FirebaseAnalyticsOnDeviceConversion;
		};
		3329CAE4283E439100FF815E /* FirebaseAnalyticsSwift */ = {
			isa = XCSwiftPackageProductDependency;
			package = 3329CADF283E439100FF815E /* XCRemoteSwiftPackageReference "firebase-ios-sdk" */;
			productName = FirebaseAnalyticsSwift;
		};
		3329CAE6283E439100FF815E /* FirebaseAnalyticsWithoutAdIdSupport */ = {
			isa = XCSwiftPackageProductDependency;
			package = 3329CADF283E439100FF815E /* XCRemoteSwiftPackageReference "firebase-ios-sdk" */;
			productName = FirebaseAnalyticsWithoutAdIdSupport;
		};
		3329CAE8283E439100FF815E /* FirebaseAppCheck */ = {
			isa = XCSwiftPackageProductDependency;
			package = 3329CADF283E439100FF815E /* XCRemoteSwiftPackageReference "firebase-ios-sdk" */;
			productName = FirebaseAppCheck;
		};
		3329CAEA283E439100FF815E /* FirebaseAppDistribution-Beta */ = {
			isa = XCSwiftPackageProductDependency;
			package = 3329CADF283E439100FF815E /* XCRemoteSwiftPackageReference "firebase-ios-sdk" */;
			productName = "FirebaseAppDistribution-Beta";
		};
		3329CAEC283E439100FF815E /* FirebaseAuth */ = {
			isa = XCSwiftPackageProductDependency;
			package = 3329CADF283E439100FF815E /* XCRemoteSwiftPackageReference "firebase-ios-sdk" */;
			productName = FirebaseAuth;
		};
		3329CAEE283E439100FF815E /* FirebaseAuthCombine-Community */ = {
			isa = XCSwiftPackageProductDependency;
			package = 3329CADF283E439100FF815E /* XCRemoteSwiftPackageReference "firebase-ios-sdk" */;
			productName = "FirebaseAuthCombine-Community";
		};
		3329CAF0283E439100FF815E /* FirebaseCrashlytics */ = {
			isa = XCSwiftPackageProductDependency;
			package = 3329CADF283E439100FF815E /* XCRemoteSwiftPackageReference "firebase-ios-sdk" */;
			productName = FirebaseCrashlytics;
		};
		3329CAF2283E439100FF815E /* FirebaseDatabase */ = {
			isa = XCSwiftPackageProductDependency;
			package = 3329CADF283E439100FF815E /* XCRemoteSwiftPackageReference "firebase-ios-sdk" */;
			productName = FirebaseDatabase;
		};
		3329CAF4283E439100FF815E /* FirebaseDatabaseSwift */ = {
			isa = XCSwiftPackageProductDependency;
			package = 3329CADF283E439100FF815E /* XCRemoteSwiftPackageReference "firebase-ios-sdk" */;
			productName = FirebaseDatabaseSwift;
		};
		3329CAF6283E439100FF815E /* FirebaseDynamicLinks */ = {
			isa = XCSwiftPackageProductDependency;
			package = 3329CADF283E439100FF815E /* XCRemoteSwiftPackageReference "firebase-ios-sdk" */;
			productName = FirebaseDynamicLinks;
		};
		3329CAF8283E439100FF815E /* FirebaseFirestore */ = {
			isa = XCSwiftPackageProductDependency;
			package = 3329CADF283E439100FF815E /* XCRemoteSwiftPackageReference "firebase-ios-sdk" */;
			productName = FirebaseFirestore;
		};
		3329CAFA283E439100FF815E /* FirebaseFirestoreCombine-Community */ = {
			isa = XCSwiftPackageProductDependency;
			package = 3329CADF283E439100FF815E /* XCRemoteSwiftPackageReference "firebase-ios-sdk" */;
			productName = "FirebaseFirestoreCombine-Community";
		};
		3329CAFC283E439100FF815E /* FirebaseFirestoreSwift */ = {
			isa = XCSwiftPackageProductDependency;
			package = 3329CADF283E439100FF815E /* XCRemoteSwiftPackageReference "firebase-ios-sdk" */;
			productName = FirebaseFirestoreSwift;
		};
		3329CAFE283E439100FF815E /* FirebaseFunctions */ = {
			isa = XCSwiftPackageProductDependency;
			package = 3329CADF283E439100FF815E /* XCRemoteSwiftPackageReference "firebase-ios-sdk" */;
			productName = FirebaseFunctions;
		};
		3329CB00283E439100FF815E /* FirebaseFunctionsCombine-Community */ = {
			isa = XCSwiftPackageProductDependency;
			package = 3329CADF283E439100FF815E /* XCRemoteSwiftPackageReference "firebase-ios-sdk" */;
			productName = "FirebaseFunctionsCombine-Community";
		};
		3329CB02283E439100FF815E /* FirebaseInAppMessaging-Beta */ = {
			isa = XCSwiftPackageProductDependency;
			package = 3329CADF283E439100FF815E /* XCRemoteSwiftPackageReference "firebase-ios-sdk" */;
			productName = "FirebaseInAppMessaging-Beta";
		};
		3329CB04283E439100FF815E /* FirebaseInAppMessagingSwift-Beta */ = {
			isa = XCSwiftPackageProductDependency;
			package = 3329CADF283E439100FF815E /* XCRemoteSwiftPackageReference "firebase-ios-sdk" */;
			productName = "FirebaseInAppMessagingSwift-Beta";
		};
		3329CB06283E439100FF815E /* FirebaseInstallations */ = {
			isa = XCSwiftPackageProductDependency;
			package = 3329CADF283E439100FF815E /* XCRemoteSwiftPackageReference "firebase-ios-sdk" */;
			productName = FirebaseInstallations;
		};
		3329CB08283E439100FF815E /* FirebaseMLModelDownloader */ = {
			isa = XCSwiftPackageProductDependency;
			package = 3329CADF283E439100FF815E /* XCRemoteSwiftPackageReference "firebase-ios-sdk" */;
			productName = FirebaseMLModelDownloader;
		};
		3329CB0A283E439100FF815E /* FirebaseMessaging */ = {
			isa = XCSwiftPackageProductDependency;
			package = 3329CADF283E439100FF815E /* XCRemoteSwiftPackageReference "firebase-ios-sdk" */;
			productName = FirebaseMessaging;
		};
		3329CB0C283E439100FF815E /* FirebasePerformance */ = {
			isa = XCSwiftPackageProductDependency;
			package = 3329CADF283E439100FF815E /* XCRemoteSwiftPackageReference "firebase-ios-sdk" */;
			productName = FirebasePerformance;
		};
		3329CB0E283E439100FF815E /* FirebaseRemoteConfig */ = {
			isa = XCSwiftPackageProductDependency;
			package = 3329CADF283E439100FF815E /* XCRemoteSwiftPackageReference "firebase-ios-sdk" */;
			productName = FirebaseRemoteConfig;
		};
		3329CB10283E439100FF815E /* FirebaseRemoteConfigSwift */ = {
			isa = XCSwiftPackageProductDependency;
			package = 3329CADF283E439100FF815E /* XCRemoteSwiftPackageReference "firebase-ios-sdk" */;
			productName = FirebaseRemoteConfigSwift;
		};
		3329CB12283E439100FF815E /* FirebaseStorage */ = {
			isa = XCSwiftPackageProductDependency;
			package = 3329CADF283E439100FF815E /* XCRemoteSwiftPackageReference "firebase-ios-sdk" */;
			productName = FirebaseStorage;
		};
		3329CB14283E439100FF815E /* FirebaseStorageCombine-Community */ = {
			isa = XCSwiftPackageProductDependency;
			package = 3329CADF283E439100FF815E /* XCRemoteSwiftPackageReference "firebase-ios-sdk" */;
			productName = "FirebaseStorageCombine-Community";
		};
/* End XCSwiftPackageProductDependency section */
	};
	rootObject = 333C826927888448006B9407 /* Project object */;
}
